
Microsoft Visual Studio Solution File, Format Version 12.00
# Visual Studio Version 17
VisualStudioVersion = 17.5.002.0
MinimumVisualStudioVersion = 10.0.40219.1
Project("{9A19103F-16F7-4668-BE54-9A1E7A4F7556}") = "BtkAkademi", "BtkAkademi.csproj", "{FA079353-3BCC-44D1-9D6D-C5CFE2AA0445}"
EndProject
Global
	GlobalSection(SolutionConfigurationPlatforms) = preSolution
		Debug|Any CPU = Debug|Any CPU
		Release|Any CPU = Release|Any CPU
	EndGlobalSection
	GlobalSection(ProjectConfigurationPlatforms) = postSolution
		{FA079353-3BCC-44D1-9D6D-C5CFE2AA0445}.Debug|Any CPU.ActiveCfg = Debug|Any CPU
		{FA079353-3BCC-44D1-9D6D-C5CFE2AA0445}.Debug|Any CPU.Build.0 = Debug|Any CPU
		{FA079353-3BCC-44D1-9D6D-C5CFE2AA0445}.Release|Any CPU.ActiveCfg = Release|Any CPU
		{FA079353-3BCC-44D1-9D6D-C5CFE2AA0445}.Release|Any CPU.Build.0 = Release|Any CPU
	EndGlobalSection
	GlobalSection(SolutionProperties) = preSolution
		HideSolutionNode = FALSE
	EndGlobalSection
	GlobalSection(ExtensibilityGlobals) = postSolution
		SolutionGuid = {931D31D2-6C5A-4EE8-BE12-7DEA7E637227}
	EndGlobalSection
EndGlobal
